// !$*UTF8*$!
{
	archiveVersion = 1;
	classes = {
	};
	objectVersion = 56;
	objects = {

/* Begin PBXBuildFile section */
		1803DB512BD21E680066CE99 /* AppDelegate.swift in Sources */ = {isa = PBXBuildFile; fileRef = 1803DB502BD21E680066CE99 /* AppDelegate.swift */; };
		1803DB532BD21E680066CE99 /* SceneDelegate.swift in Sources */ = {isa = PBXBuildFile; fileRef = 1803DB522BD21E680066CE99 /* SceneDelegate.swift */; };
		1803DB552BD21E680066CE99 /* HomeViewController.swift in Sources */ = {isa = PBXBuildFile; fileRef = 1803DB542BD21E680066CE99 /* HomeViewController.swift */; };
		1803DB582BD21E680066CE99 /* Base in Resources */ = {isa = PBXBuildFile; fileRef = 1803DB572BD21E680066CE99 /* Base */; };
		1803DB5A2BD21E6A0066CE99 /* Assets.xcassets in Resources */ = {isa = PBXBuildFile; fileRef = 1803DB592BD21E6A0066CE99 /* Assets.xcassets */; };
		1803DB5D2BD21E6A0066CE99 /* Base in Resources */ = {isa = PBXBuildFile; fileRef = 1803DB5C2BD21E6A0066CE99 /* Base */; };
		1803DB682BD21E6A0066CE99 /* HomeViewModelTests.swift in Sources */ = {isa = PBXBuildFile; fileRef = 1803DB672BD21E6A0066CE99 /* HomeViewModelTests.swift */; };
		1803DB722BD21E6A0066CE99 /* ConisUITests.swift in Sources */ = {isa = PBXBuildFile; fileRef = 1803DB712BD21E6A0066CE99 /* ConisUITests.swift */; };
		1803DB742BD21E6A0066CE99 /* ConisUITestsLaunchTests.swift in Sources */ = {isa = PBXBuildFile; fileRef = 1803DB732BD21E6A0066CE99 /* ConisUITestsLaunchTests.swift */; };
		1803DB842BD223810066CE99 /* CoinListCell.swift in Sources */ = {isa = PBXBuildFile; fileRef = 1803DB822BD223810066CE99 /* CoinListCell.swift */; };
		1803DB852BD223810066CE99 /* CoinListCell.xib in Resources */ = {isa = PBXBuildFile; fileRef = 1803DB832BD223810066CE99 /* CoinListCell.xib */; };
		187FBE772BD50A46004D08CE /* coin.json in Resources */ = {isa = PBXBuildFile; fileRef = 187FBE752BD50606004D08CE /* coin.json */; };
		187FBE792BD51934004D08CE /* ExtensionTests.swift in Sources */ = {isa = PBXBuildFile; fileRef = 187FBE782BD51934004D08CE /* ExtensionTests.swift */; };
		187FBE7D2BDA63A2004D08CE /* AccessibilityIdentifire.swift in Sources */ = {isa = PBXBuildFile; fileRef = 187FBE7C2BDA63A2004D08CE /* AccessibilityIdentifire.swift */; };
		187FBE7F2BDA65B8004D08CE /* AccessibilityIdentifire.swift in Sources */ = {isa = PBXBuildFile; fileRef = 187FBE7C2BDA63A2004D08CE /* AccessibilityIdentifire.swift */; };
		188C9FA62BD2FC9000074DC2 /* UIColor+Extension.swift in Sources */ = {isa = PBXBuildFile; fileRef = 188C9FA52BD2FC9000074DC2 /* UIColor+Extension.swift */; };
		188C9FA82BD2FCC700074DC2 /* UIView+Extension.swift in Sources */ = {isa = PBXBuildFile; fileRef = 188C9FA72BD2FCC700074DC2 /* UIView+Extension.swift */; };
		188C9FAC2BD3025200074DC2 /* HomeSection.swift in Sources */ = {isa = PBXBuildFile; fileRef = 188C9FAB2BD3025200074DC2 /* HomeSection.swift */; };
		188C9FAE2BD3681C00074DC2 /* Coins.swift in Sources */ = {isa = PBXBuildFile; fileRef = 188C9FAD2BD3681C00074DC2 /* Coins.swift */; };
		188C9FB02BD37A3700074DC2 /* Endpoints.swift in Sources */ = {isa = PBXBuildFile; fileRef = 188C9FAF2BD37A3700074DC2 /* Endpoints.swift */; };
		188C9FB22BD37A4200074DC2 /* ApiService.swift in Sources */ = {isa = PBXBuildFile; fileRef = 188C9FB12BD37A4200074DC2 /* ApiService.swift */; };
		188C9FB42BD37DD700074DC2 /* NetworkError.swift in Sources */ = {isa = PBXBuildFile; fileRef = 188C9FB32BD37DD700074DC2 /* NetworkError.swift */; };
		188C9FB62BD3816C00074DC2 /* HomeViewModel.swift in Sources */ = {isa = PBXBuildFile; fileRef = 188C9FB52BD3816B00074DC2 /* HomeViewModel.swift */; };
		188C9FB92BD3822A00074DC2 /* HomeEndpoints.swift in Sources */ = {isa = PBXBuildFile; fileRef = 188C9FB82BD3822A00074DC2 /* HomeEndpoints.swift */; };
		188C9FBC2BD395CB00074DC2 /* Kingfisher in Frameworks */ = {isa = PBXBuildFile; productRef = 188C9FBB2BD395CB00074DC2 /* Kingfisher */; };
		188C9FBE2BD39FC800074DC2 /* Double+Extension.swift in Sources */ = {isa = PBXBuildFile; fileRef = 188C9FBD2BD39FC800074DC2 /* Double+Extension.swift */; };
		188CA0032BD49C7F00074DC2 /* Collection+Extension.swift in Sources */ = {isa = PBXBuildFile; fileRef = 188CA0022BD49C7F00074DC2 /* Collection+Extension.swift */; };
		188CA0052BD4A58100074DC2 /* CoinDetailViewController.swift in Sources */ = {isa = PBXBuildFile; fileRef = 188CA0042BD4A58100074DC2 /* CoinDetailViewController.swift */; };
		188CA0072BD4A5AA00074DC2 /* CoinDetailViewModel.swift in Sources */ = {isa = PBXBuildFile; fileRef = 188CA0062BD4A5AA00074DC2 /* CoinDetailViewModel.swift */; };
		188CA0092BD4A64100074DC2 /* CoinDetailEndpoints.swift in Sources */ = {isa = PBXBuildFile; fileRef = 188CA0082BD4A64100074DC2 /* CoinDetailEndpoints.swift */; };
		188CA0142BD4A8AE00074DC2 /* CoinDetails.swift in Sources */ = {isa = PBXBuildFile; fileRef = 188CA0132BD4A8AE00074DC2 /* CoinDetails.swift */; };
		188CA01A2BD4C8B000074DC2 /* HomeViewController+UITableView.swift in Sources */ = {isa = PBXBuildFile; fileRef = 188CA0192BD4C8B000074DC2 /* HomeViewController+UITableView.swift */; };
		188CA01C2BD4E5A900074DC2 /* LoadMoreView.swift in Sources */ = {isa = PBXBuildFile; fileRef = 188CA01B2BD4E5A900074DC2 /* LoadMoreView.swift */; };
		188CA0202BD4EC2A00074DC2 /* State.swift in Sources */ = {isa = PBXBuildFile; fileRef = 188CA01F2BD4EC2A00074DC2 /* State.swift */; };
		18F913F02BD2BF3300D9A0CF /* CoinGridCell.swift in Sources */ = {isa = PBXBuildFile; fileRef = 18F913EE2BD2BF3300D9A0CF /* CoinGridCell.swift */; };
		18F913F12BD2BF3300D9A0CF /* CoinGridCell.xib in Resources */ = {isa = PBXBuildFile; fileRef = 18F913EF2BD2BF3300D9A0CF /* CoinGridCell.xib */; };
		18F913F82BD2C4CE00D9A0CF /* TopRankCryptoTableViewCell.swift in Sources */ = {isa = PBXBuildFile; fileRef = 18F913F62BD2C4CE00D9A0CF /* TopRankCryptoTableViewCell.swift */; };
		18F913F92BD2C4CE00D9A0CF /* TopRankCryptoTableViewCell.xib in Resources */ = {isa = PBXBuildFile; fileRef = 18F913F72BD2C4CE00D9A0CF /* TopRankCryptoTableViewCell.xib */; };
		18F913FE2BD2F2A600D9A0CF /* TitleCell.swift in Sources */ = {isa = PBXBuildFile; fileRef = 18F913FC2BD2F2A600D9A0CF /* TitleCell.swift */; };
		18F913FF2BD2F2A600D9A0CF /* TitleCell.xib in Resources */ = {isa = PBXBuildFile; fileRef = 18F913FD2BD2F2A600D9A0CF /* TitleCell.xib */; };
		18F914022BD2F43C00D9A0CF /* String+Extension.swift in Sources */ = {isa = PBXBuildFile; fileRef = 18F914012BD2F43C00D9A0CF /* String+Extension.swift */; };
		18F914052BD2F58300D9A0CF /* InviteFriendCell.swift in Sources */ = {isa = PBXBuildFile; fileRef = 18F914032BD2F58300D9A0CF /* InviteFriendCell.swift */; };
		18F914062BD2F58300D9A0CF /* InviteFriendCell.xib in Resources */ = {isa = PBXBuildFile; fileRef = 18F914042BD2F58300D9A0CF /* InviteFriendCell.xib */; };
/* End PBXBuildFile section */

/* Begin PBXContainerItemProxy section */
		1803DB642BD21E6A0066CE99 /* PBXContainerItemProxy */ = {
			isa = PBXContainerItemProxy;
			containerPortal = 1803DB452BD21E680066CE99 /* Project object */;
			proxyType = 1;
			remoteGlobalIDString = 1803DB4C2BD21E680066CE99;
			remoteInfo = Conis;
		};
		1803DB6E2BD21E6A0066CE99 /* PBXContainerItemProxy */ = {
			isa = PBXContainerItemProxy;
			containerPortal = 1803DB452BD21E680066CE99 /* Project object */;
			proxyType = 1;
			remoteGlobalIDString = 1803DB4C2BD21E680066CE99;
			remoteInfo = Conis;
		};
/* End PBXContainerItemProxy section */

/* Begin PBXFileReference section */
		1803DB4D2BD21E680066CE99 /* Conis.app */ = {isa = PBXFileReference; explicitFileType = wrapper.application; includeInIndex = 0; path = Conis.app; sourceTree = BUILT_PRODUCTS_DIR; };
		1803DB502BD21E680066CE99 /* AppDelegate.swift */ = {isa = PBXFileReference; lastKnownFileType = sourcecode.swift; path = AppDelegate.swift; sourceTree = "<group>"; };
		1803DB522BD21E680066CE99 /* SceneDelegate.swift */ = {isa = PBXFileReference; lastKnownFileType = sourcecode.swift; path = SceneDelegate.swift; sourceTree = "<group>"; };
		1803DB542BD21E680066CE99 /* HomeViewController.swift */ = {isa = PBXFileReference; lastKnownFileType = sourcecode.swift; path = HomeViewController.swift; sourceTree = "<group>"; };
		1803DB572BD21E680066CE99 /* Base */ = {isa = PBXFileReference; lastKnownFileType = file.storyboard; name = Base; path = Base.lproj/Main.storyboard; sourceTree = "<group>"; };
		1803DB592BD21E6A0066CE99 /* Assets.xcassets */ = {isa = PBXFileReference; lastKnownFileType = folder.assetcatalog; path = Assets.xcassets; sourceTree = "<group>"; };
		1803DB5C2BD21E6A0066CE99 /* Base */ = {isa = PBXFileReference; lastKnownFileType = file.storyboard; name = Base; path = Base.lproj/LaunchScreen.storyboard; sourceTree = "<group>"; };
		1803DB5E2BD21E6A0066CE99 /* Info.plist */ = {isa = PBXFileReference; lastKnownFileType = text.plist.xml; path = Info.plist; sourceTree = "<group>"; };
		1803DB632BD21E6A0066CE99 /* ConisTests.xctest */ = {isa = PBXFileReference; explicitFileType = wrapper.cfbundle; includeInIndex = 0; path = ConisTests.xctest; sourceTree = BUILT_PRODUCTS_DIR; };
		1803DB672BD21E6A0066CE99 /* HomeViewModelTests.swift */ = {isa = PBXFileReference; lastKnownFileType = sourcecode.swift; path = HomeViewModelTests.swift; sourceTree = "<group>"; };
		1803DB6D2BD21E6A0066CE99 /* ConisUITests.xctest */ = {isa = PBXFileReference; explicitFileType = wrapper.cfbundle; includeInIndex = 0; path = ConisUITests.xctest; sourceTree = BUILT_PRODUCTS_DIR; };
		1803DB712BD21E6A0066CE99 /* ConisUITests.swift */ = {isa = PBXFileReference; lastKnownFileType = sourcecode.swift; path = ConisUITests.swift; sourceTree = "<group>"; };
		1803DB732BD21E6A0066CE99 /* ConisUITestsLaunchTests.swift */ = {isa = PBXFileReference; lastKnownFileType = sourcecode.swift; path = ConisUITestsLaunchTests.swift; sourceTree = "<group>"; };
		1803DB822BD223810066CE99 /* CoinListCell.swift */ = {isa = PBXFileReference; lastKnownFileType = sourcecode.swift; path = CoinListCell.swift; sourceTree = "<group>"; };
		1803DB832BD223810066CE99 /* CoinListCell.xib */ = {isa = PBXFileReference; lastKnownFileType = file.xib; path = CoinListCell.xib; sourceTree = "<group>"; };
		187FBE752BD50606004D08CE /* coin.json */ = {isa = PBXFileReference; lastKnownFileType = text.json; path = coin.json; sourceTree = "<group>"; };
		187FBE782BD51934004D08CE /* ExtensionTests.swift */ = {isa = PBXFileReference; lastKnownFileType = sourcecode.swift; path = ExtensionTests.swift; sourceTree = "<group>"; };
		187FBE7C2BDA63A2004D08CE /* AccessibilityIdentifire.swift */ = {isa = PBXFileReference; lastKnownFileType = sourcecode.swift; path = AccessibilityIdentifire.swift; sourceTree = "<group>"; };
		188C9FA52BD2FC9000074DC2 /* UIColor+Extension.swift */ = {isa = PBXFileReference; lastKnownFileType = sourcecode.swift; path = "UIColor+Extension.swift"; sourceTree = "<group>"; };
		188C9FA72BD2FCC700074DC2 /* UIView+Extension.swift */ = {isa = PBXFileReference; lastKnownFileType = sourcecode.swift; path = "UIView+Extension.swift"; sourceTree = "<group>"; };
		188C9FAB2BD3025200074DC2 /* HomeSection.swift */ = {isa = PBXFileReference; lastKnownFileType = sourcecode.swift; path = HomeSection.swift; sourceTree = "<group>"; };
		188C9FAD2BD3681C00074DC2 /* Coins.swift */ = {isa = PBXFileReference; lastKnownFileType = sourcecode.swift; path = Coins.swift; sourceTree = "<group>"; };
		188C9FAF2BD37A3700074DC2 /* Endpoints.swift */ = {isa = PBXFileReference; lastKnownFileType = sourcecode.swift; path = Endpoints.swift; sourceTree = "<group>"; };
		188C9FB12BD37A4200074DC2 /* ApiService.swift */ = {isa = PBXFileReference; lastKnownFileType = sourcecode.swift; path = ApiService.swift; sourceTree = "<group>"; };
		188C9FB32BD37DD700074DC2 /* NetworkError.swift */ = {isa = PBXFileReference; lastKnownFileType = sourcecode.swift; path = NetworkError.swift; sourceTree = "<group>"; };
		188C9FB52BD3816B00074DC2 /* HomeViewModel.swift */ = {isa = PBXFileReference; lastKnownFileType = sourcecode.swift; path = HomeViewModel.swift; sourceTree = "<group>"; };
		188C9FB82BD3822A00074DC2 /* HomeEndpoints.swift */ = {isa = PBXFileReference; lastKnownFileType = sourcecode.swift; path = HomeEndpoints.swift; sourceTree = "<group>"; };
		188C9FBD2BD39FC800074DC2 /* Double+Extension.swift */ = {isa = PBXFileReference; lastKnownFileType = sourcecode.swift; path = "Double+Extension.swift"; sourceTree = "<group>"; };
		188CA0022BD49C7F00074DC2 /* Collection+Extension.swift */ = {isa = PBXFileReference; lastKnownFileType = sourcecode.swift; path = "Collection+Extension.swift"; sourceTree = "<group>"; };
		188CA0042BD4A58100074DC2 /* CoinDetailViewController.swift */ = {isa = PBXFileReference; lastKnownFileType = sourcecode.swift; path = CoinDetailViewController.swift; sourceTree = "<group>"; };
		188CA0062BD4A5AA00074DC2 /* CoinDetailViewModel.swift */ = {isa = PBXFileReference; lastKnownFileType = sourcecode.swift; path = CoinDetailViewModel.swift; sourceTree = "<group>"; };
		188CA0082BD4A64100074DC2 /* CoinDetailEndpoints.swift */ = {isa = PBXFileReference; lastKnownFileType = sourcecode.swift; path = CoinDetailEndpoints.swift; sourceTree = "<group>"; };
		188CA0132BD4A8AE00074DC2 /* CoinDetails.swift */ = {isa = PBXFileReference; lastKnownFileType = sourcecode.swift; path = CoinDetails.swift; sourceTree = "<group>"; };
		188CA0192BD4C8B000074DC2 /* HomeViewController+UITableView.swift */ = {isa = PBXFileReference; lastKnownFileType = sourcecode.swift; path = "HomeViewController+UITableView.swift"; sourceTree = "<group>"; };
		188CA01B2BD4E5A900074DC2 /* LoadMoreView.swift */ = {isa = PBXFileReference; lastKnownFileType = sourcecode.swift; path = LoadMoreView.swift; sourceTree = "<group>"; };
		188CA01F2BD4EC2A00074DC2 /* State.swift */ = {isa = PBXFileReference; lastKnownFileType = sourcecode.swift; path = State.swift; sourceTree = "<group>"; };
		18F913EE2BD2BF3300D9A0CF /* CoinGridCell.swift */ = {isa = PBXFileReference; lastKnownFileType = sourcecode.swift; path = CoinGridCell.swift; sourceTree = "<group>"; };
		18F913EF2BD2BF3300D9A0CF /* CoinGridCell.xib */ = {isa = PBXFileReference; lastKnownFileType = file.xib; path = CoinGridCell.xib; sourceTree = "<group>"; };
		18F913F62BD2C4CE00D9A0CF /* TopRankCryptoTableViewCell.swift */ = {isa = PBXFileReference; lastKnownFileType = sourcecode.swift; path = TopRankCryptoTableViewCell.swift; sourceTree = "<group>"; };
		18F913F72BD2C4CE00D9A0CF /* TopRankCryptoTableViewCell.xib */ = {isa = PBXFileReference; lastKnownFileType = file.xib; path = TopRankCryptoTableViewCell.xib; sourceTree = "<group>"; };
		18F913FC2BD2F2A600D9A0CF /* TitleCell.swift */ = {isa = PBXFileReference; lastKnownFileType = sourcecode.swift; path = TitleCell.swift; sourceTree = "<group>"; };
		18F913FD2BD2F2A600D9A0CF /* TitleCell.xib */ = {isa = PBXFileReference; lastKnownFileType = file.xib; path = TitleCell.xib; sourceTree = "<group>"; };
		18F914012BD2F43C00D9A0CF /* String+Extension.swift */ = {isa = PBXFileReference; lastKnownFileType = sourcecode.swift; path = "String+Extension.swift"; sourceTree = "<group>"; };
		18F914032BD2F58300D9A0CF /* InviteFriendCell.swift */ = {isa = PBXFileReference; lastKnownFileType = sourcecode.swift; path = InviteFriendCell.swift; sourceTree = "<group>"; };
		18F914042BD2F58300D9A0CF /* InviteFriendCell.xib */ = {isa = PBXFileReference; lastKnownFileType = file.xib; path = InviteFriendCell.xib; sourceTree = "<group>"; };
/* End PBXFileReference section */

/* Begin PBXFrameworksBuildPhase section */
		1803DB4A2BD21E680066CE99 /* Frameworks */ = {
			isa = PBXFrameworksBuildPhase;
			buildActionMask = 2147483647;
			files = (
				188C9FBC2BD395CB00074DC2 /* Kingfisher in Frameworks */,
			);
			runOnlyForDeploymentPostprocessing = 0;
		};
		1803DB602BD21E6A0066CE99 /* Frameworks */ = {
			isa = PBXFrameworksBuildPhase;
			buildActionMask = 2147483647;
			files = (
			);
			runOnlyForDeploymentPostprocessing = 0;
		};
		1803DB6A2BD21E6A0066CE99 /* Frameworks */ = {
			isa = PBXFrameworksBuildPhase;
			buildActionMask = 2147483647;
			files = (
			);
			runOnlyForDeploymentPostprocessing = 0;
		};
/* End PBXFrameworksBuildPhase section */

/* Begin PBXGroup section */
		1803DB442BD21E680066CE99 = {
			isa = PBXGroup;
			children = (
				1803DB4F2BD21E680066CE99 /* Conis */,
				1803DB662BD21E6A0066CE99 /* ConisTests */,
				1803DB702BD21E6A0066CE99 /* ConisUITests */,
				1803DB4E2BD21E680066CE99 /* Products */,
			);
			sourceTree = "<group>";
		};
		1803DB4E2BD21E680066CE99 /* Products */ = {
			isa = PBXGroup;
			children = (
				1803DB4D2BD21E680066CE99 /* Conis.app */,
				1803DB632BD21E6A0066CE99 /* ConisTests.xctest */,
				1803DB6D2BD21E6A0066CE99 /* ConisUITests.xctest */,
			);
			name = Products;
			sourceTree = "<group>";
		};
		1803DB4F2BD21E680066CE99 /* Conis */ = {
			isa = PBXGroup;
			children = (
				188CA0162BD4AA4400074DC2 /* App */,
				188CA00B2BD4A7A200074DC2 /* Home */,
				188CA0102BD4A83A00074DC2 /* CoinDetail */,
				188CA00F2BD4A82800074DC2 /* Networking */,
				18F914002BD2F42900D9A0CF /* Extension */,
				187FBE7B2BD520FA004D08CE /* State */,
				187FBE7A2BD520F2004D08CE /* Data */,
				1803DB562BD21E680066CE99 /* Main.storyboard */,
				187FBE7C2BDA63A2004D08CE /* AccessibilityIdentifire.swift */,
				1803DB592BD21E6A0066CE99 /* Assets.xcassets */,
				1803DB5B2BD21E6A0066CE99 /* LaunchScreen.storyboard */,
				1803DB5E2BD21E6A0066CE99 /* Info.plist */,
			);
			path = Conis;
			sourceTree = "<group>";
		};
		1803DB662BD21E6A0066CE99 /* ConisTests */ = {
			isa = PBXGroup;
			children = (
				187FBE742BD505E4004D08CE /* MockData */,
				1803DB672BD21E6A0066CE99 /* HomeViewModelTests.swift */,
				187FBE782BD51934004D08CE /* ExtensionTests.swift */,
			);
			path = ConisTests;
			sourceTree = "<group>";
		};
		1803DB702BD21E6A0066CE99 /* ConisUITests */ = {
			isa = PBXGroup;
			children = (
				1803DB712BD21E6A0066CE99 /* ConisUITests.swift */,
				1803DB732BD21E6A0066CE99 /* ConisUITestsLaunchTests.swift */,
			);
			path = ConisUITests;
			sourceTree = "<group>";
		};
		187FBE742BD505E4004D08CE /* MockData */ = {
			isa = PBXGroup;
			children = (
			);
			path = MockData;
			sourceTree = "<group>";
		};
		187FBE7A2BD520F2004D08CE /* Data */ = {
			isa = PBXGroup;
			children = (
				187FBE752BD50606004D08CE /* coin.json */,
			);
			path = Data;
			sourceTree = "<group>";
		};
		187FBE7B2BD520FA004D08CE /* State */ = {
			isa = PBXGroup;
			children = (
				188CA01F2BD4EC2A00074DC2 /* State.swift */,
			);
			path = State;
			sourceTree = "<group>";
		};
		188C9FAA2BD3013600074DC2 /* Cells */ = {
			isa = PBXGroup;
			children = (
				1803DB822BD223810066CE99 /* CoinListCell.swift */,
				1803DB832BD223810066CE99 /* CoinListCell.xib */,
				18F913EE2BD2BF3300D9A0CF /* CoinGridCell.swift */,
				18F913EF2BD2BF3300D9A0CF /* CoinGridCell.xib */,
				18F913FC2BD2F2A600D9A0CF /* TitleCell.swift */,
				18F913FD2BD2F2A600D9A0CF /* TitleCell.xib */,
				18F913F62BD2C4CE00D9A0CF /* TopRankCryptoTableViewCell.swift */,
				18F913F72BD2C4CE00D9A0CF /* TopRankCryptoTableViewCell.xib */,
				18F914032BD2F58300D9A0CF /* InviteFriendCell.swift */,
				18F914042BD2F58300D9A0CF /* InviteFriendCell.xib */,
			);
			path = Cells;
			sourceTree = "<group>";
		};
		188CA00A2BD4A79400074DC2 /* Model */ = {
			isa = PBXGroup;
			children = (
				188C9FAD2BD3681C00074DC2 /* Coins.swift */,
				188C9FAB2BD3025200074DC2 /* HomeSection.swift */,
			);
			path = Model;
			sourceTree = "<group>";
		};
		188CA00B2BD4A7A200074DC2 /* Home */ = {
			isa = PBXGroup;
			children = (
				188CA00E2BD4A80100074DC2 /* Controller */,
				188CA00A2BD4A79400074DC2 /* Model */,
				188CA00C2BD4A7B500074DC2 /* View */,
				188CA00D2BD4A7DD00074DC2 /* ViewModel */,
				188C9FB82BD3822A00074DC2 /* HomeEndpoints.swift */,
			);
			path = Home;
			sourceTree = "<group>";
		};
		188CA00C2BD4A7B500074DC2 /* View */ = {
			isa = PBXGroup;
			children = (
				188C9FAA2BD3013600074DC2 /* Cells */,
				188CA01B2BD4E5A900074DC2 /* LoadMoreView.swift */,
			);
			path = View;
			sourceTree = "<group>";
		};
		188CA00D2BD4A7DD00074DC2 /* ViewModel */ = {
			isa = PBXGroup;
			children = (
				188C9FB52BD3816B00074DC2 /* HomeViewModel.swift */,
			);
			path = ViewModel;
			sourceTree = "<group>";
		};
		188CA00E2BD4A80100074DC2 /* Controller */ = {
			isa = PBXGroup;
			children = (
				1803DB542BD21E680066CE99 /* HomeViewController.swift */,
				188CA0192BD4C8B000074DC2 /* HomeViewController+UITableView.swift */,
			);
			path = Controller;
			sourceTree = "<group>";
		};
		188CA00F2BD4A82800074DC2 /* Networking */ = {
			isa = PBXGroup;
			children = (
				188C9FAF2BD37A3700074DC2 /* Endpoints.swift */,
				188C9FB12BD37A4200074DC2 /* ApiService.swift */,
				188C9FB32BD37DD700074DC2 /* NetworkError.swift */,
			);
			path = Networking;
			sourceTree = "<group>";
		};
		188CA0102BD4A83A00074DC2 /* CoinDetail */ = {
			isa = PBXGroup;
			children = (
				188CA0152BD4A8B300074DC2 /* Model */,
				188CA0122BD4A88500074DC2 /* ViewModel */,
				188CA0112BD4A87800074DC2 /* Controller */,
				188CA0082BD4A64100074DC2 /* CoinDetailEndpoints.swift */,
			);
			name = CoinDetail;
			sourceTree = "<group>";
		};
		188CA0112BD4A87800074DC2 /* Controller */ = {
			isa = PBXGroup;
			children = (
				188CA0042BD4A58100074DC2 /* CoinDetailViewController.swift */,
			);
			name = Controller;
			sourceTree = "<group>";
		};
		188CA0122BD4A88500074DC2 /* ViewModel */ = {
			isa = PBXGroup;
			children = (
				188CA0062BD4A5AA00074DC2 /* CoinDetailViewModel.swift */,
			);
			name = ViewModel;
			sourceTree = "<group>";
		};
		188CA0152BD4A8B300074DC2 /* Model */ = {
			isa = PBXGroup;
			children = (
				188CA0132BD4A8AE00074DC2 /* CoinDetails.swift */,
			);
			name = Model;
			sourceTree = "<group>";
		};
		188CA0162BD4AA4400074DC2 /* App */ = {
			isa = PBXGroup;
			children = (
				1803DB502BD21E680066CE99 /* AppDelegate.swift */,
				1803DB522BD21E680066CE99 /* SceneDelegate.swift */,
			);
			path = App;
			sourceTree = "<group>";
		};
		18F914002BD2F42900D9A0CF /* Extension */ = {
			isa = PBXGroup;
			children = (
				18F914012BD2F43C00D9A0CF /* String+Extension.swift */,
				188C9FA52BD2FC9000074DC2 /* UIColor+Extension.swift */,
				188C9FA72BD2FCC700074DC2 /* UIView+Extension.swift */,
				188C9FBD2BD39FC800074DC2 /* Double+Extension.swift */,
				188CA0022BD49C7F00074DC2 /* Collection+Extension.swift */,
			);
			path = Extension;
			sourceTree = "<group>";
		};
/* End PBXGroup section */

/* Begin PBXNativeTarget section */
		1803DB4C2BD21E680066CE99 /* Conis */ = {
			isa = PBXNativeTarget;
			buildConfigurationList = 1803DB772BD21E6A0066CE99 /* Build configuration list for PBXNativeTarget "Conis" */;
			buildPhases = (
				1803DB492BD21E680066CE99 /* Sources */,
				1803DB4A2BD21E680066CE99 /* Frameworks */,
				1803DB4B2BD21E680066CE99 /* Resources */,
			);
			buildRules = (
			);
			dependencies = (
			);
			name = Conis;
			packageProductDependencies = (
				188C9FBB2BD395CB00074DC2 /* Kingfisher */,
			);
			productName = Conis;
			productReference = 1803DB4D2BD21E680066CE99 /* Conis.app */;
			productType = "com.apple.product-type.application";
		};
		1803DB622BD21E6A0066CE99 /* ConisTests */ = {
			isa = PBXNativeTarget;
			buildConfigurationList = 1803DB7A2BD21E6A0066CE99 /* Build configuration list for PBXNativeTarget "ConisTests" */;
			buildPhases = (
				1803DB5F2BD21E6A0066CE99 /* Sources */,
				1803DB602BD21E6A0066CE99 /* Frameworks */,
				1803DB612BD21E6A0066CE99 /* Resources */,
			);
			buildRules = (
			);
			dependencies = (
				1803DB652BD21E6A0066CE99 /* PBXTargetDependency */,
			);
			name = ConisTests;
			productName = ConisTests;
			productReference = 1803DB632BD21E6A0066CE99 /* ConisTests.xctest */;
			productType = "com.apple.product-type.bundle.unit-test";
		};
		1803DB6C2BD21E6A0066CE99 /* ConisUITests */ = {
			isa = PBXNativeTarget;
			buildConfigurationList = 1803DB7D2BD21E6A0066CE99 /* Build configuration list for PBXNativeTarget "ConisUITests" */;
			buildPhases = (
				1803DB692BD21E6A0066CE99 /* Sources */,
				1803DB6A2BD21E6A0066CE99 /* Frameworks */,
				1803DB6B2BD21E6A0066CE99 /* Resources */,
			);
			buildRules = (
			);
			dependencies = (
				1803DB6F2BD21E6A0066CE99 /* PBXTargetDependency */,
			);
			name = ConisUITests;
			productName = ConisUITests;
			productReference = 1803DB6D2BD21E6A0066CE99 /* ConisUITests.xctest */;
			productType = "com.apple.product-type.bundle.ui-testing";
		};
/* End PBXNativeTarget section */

/* Begin PBXProject section */
		1803DB452BD21E680066CE99 /* Project object */ = {
			isa = PBXProject;
			attributes = {
				BuildIndependentTargetsInParallel = 1;
				LastSwiftUpdateCheck = 1530;
				LastUpgradeCheck = 1530;
				TargetAttributes = {
					1803DB4C2BD21E680066CE99 = {
						CreatedOnToolsVersion = 15.3;
					};
					1803DB622BD21E6A0066CE99 = {
						CreatedOnToolsVersion = 15.3;
						TestTargetID = 1803DB4C2BD21E680066CE99;
					};
					1803DB6C2BD21E6A0066CE99 = {
						CreatedOnToolsVersion = 15.3;
						TestTargetID = 1803DB4C2BD21E680066CE99;
					};
				};
			};
			buildConfigurationList = 1803DB482BD21E680066CE99 /* Build configuration list for PBXProject "Conis" */;
			compatibilityVersion = "Xcode 14.0";
			developmentRegion = en;
			hasScannedForEncodings = 0;
			knownRegions = (
				en,
				Base,
			);
			mainGroup = 1803DB442BD21E680066CE99;
			packageReferences = (
				188C9FBA2BD395CB00074DC2 /* XCRemoteSwiftPackageReference "Kingfisher" */,
			);
			productRefGroup = 1803DB4E2BD21E680066CE99 /* Products */;
			projectDirPath = "";
			projectRoot = "";
			targets = (
				1803DB4C2BD21E680066CE99 /* Conis */,
				1803DB622BD21E6A0066CE99 /* ConisTests */,
				1803DB6C2BD21E6A0066CE99 /* ConisUITests */,
			);
		};
/* End PBXProject section */

/* Begin PBXResourcesBuildPhase section */
		1803DB4B2BD21E680066CE99 /* Resources */ = {
			isa = PBXResourcesBuildPhase;
			buildActionMask = 2147483647;
			files = (
				187FBE772BD50A46004D08CE /* coin.json in Resources */,
				1803DB5A2BD21E6A0066CE99 /* Assets.xcassets in Resources */,
				1803DB5D2BD21E6A0066CE99 /* Base in Resources */,
				18F913F92BD2C4CE00D9A0CF /* TopRankCryptoTableViewCell.xib in Resources */,
				1803DB852BD223810066CE99 /* CoinListCell.xib in Resources */,
				18F914062BD2F58300D9A0CF /* InviteFriendCell.xib in Resources */,
				1803DB582BD21E680066CE99 /* Base in Resources */,
				18F913FF2BD2F2A600D9A0CF /* TitleCell.xib in Resources */,
				18F913F12BD2BF3300D9A0CF /* CoinGridCell.xib in Resources */,
			);
			runOnlyForDeploymentPostprocessing = 0;
		};
		1803DB612BD21E6A0066CE99 /* Resources */ = {
			isa = PBXResourcesBuildPhase;
			buildActionMask = 2147483647;
			files = (
			);
			runOnlyForDeploymentPostprocessing = 0;
		};
		1803DB6B2BD21E6A0066CE99 /* Resources */ = {
			isa = PBXResourcesBuildPhase;
			buildActionMask = 2147483647;
			files = (
			);
			runOnlyForDeploymentPostprocessing = 0;
		};
/* End PBXResourcesBuildPhase section */

/* Begin PBXSourcesBuildPhase section */
		1803DB492BD21E680066CE99 /* Sources */ = {
			isa = PBXSourcesBuildPhase;
			buildActionMask = 2147483647;
			files = (
				188C9FB62BD3816C00074DC2 /* HomeViewModel.swift in Sources */,
				188CA0092BD4A64100074DC2 /* CoinDetailEndpoints.swift in Sources */,
				188C9FA82BD2FCC700074DC2 /* UIView+Extension.swift in Sources */,
				188C9FB42BD37DD700074DC2 /* NetworkError.swift in Sources */,
				18F914052BD2F58300D9A0CF /* InviteFriendCell.swift in Sources */,
				188C9FAC2BD3025200074DC2 /* HomeSection.swift in Sources */,
				18F914022BD2F43C00D9A0CF /* String+Extension.swift in Sources */,
				188C9FAE2BD3681C00074DC2 /* Coins.swift in Sources */,
				188C9FB92BD3822A00074DC2 /* HomeEndpoints.swift in Sources */,
				18F913F82BD2C4CE00D9A0CF /* TopRankCryptoTableViewCell.swift in Sources */,
				188CA0032BD49C7F00074DC2 /* Collection+Extension.swift in Sources */,
				18F913FE2BD2F2A600D9A0CF /* TitleCell.swift in Sources */,
				1803DB552BD21E680066CE99 /* HomeViewController.swift in Sources */,
				188CA0072BD4A5AA00074DC2 /* CoinDetailViewModel.swift in Sources */,
				188CA01A2BD4C8B000074DC2 /* HomeViewController+UITableView.swift in Sources */,
				188C9FBE2BD39FC800074DC2 /* Double+Extension.swift in Sources */,
				188CA0142BD4A8AE00074DC2 /* CoinDetails.swift in Sources */,
				188CA01C2BD4E5A900074DC2 /* LoadMoreView.swift in Sources */,
				188CA0202BD4EC2A00074DC2 /* State.swift in Sources */,
				188CA0052BD4A58100074DC2 /* CoinDetailViewController.swift in Sources */,
				18F913F02BD2BF3300D9A0CF /* CoinGridCell.swift in Sources */,
				1803DB512BD21E680066CE99 /* AppDelegate.swift in Sources */,
				188C9FB02BD37A3700074DC2 /* Endpoints.swift in Sources */,
				187FBE7D2BDA63A2004D08CE /* AccessibilityIdentifire.swift in Sources */,
				188C9FB22BD37A4200074DC2 /* ApiService.swift in Sources */,
				1803DB842BD223810066CE99 /* CoinListCell.swift in Sources */,
				1803DB532BD21E680066CE99 /* SceneDelegate.swift in Sources */,
				188C9FA62BD2FC9000074DC2 /* UIColor+Extension.swift in Sources */,
			);
			runOnlyForDeploymentPostprocessing = 0;
		};
		1803DB5F2BD21E6A0066CE99 /* Sources */ = {
			isa = PBXSourcesBuildPhase;
			buildActionMask = 2147483647;
			files = (
				1803DB682BD21E6A0066CE99 /* HomeViewModelTests.swift in Sources */,
				187FBE792BD51934004D08CE /* ExtensionTests.swift in Sources */,
			);
			runOnlyForDeploymentPostprocessing = 0;
		};
		1803DB692BD21E6A0066CE99 /* Sources */ = {
			isa = PBXSourcesBuildPhase;
			buildActionMask = 2147483647;
			files = (
				1803DB722BD21E6A0066CE99 /* ConisUITests.swift in Sources */,
				1803DB742BD21E6A0066CE99 /* ConisUITestsLaunchTests.swift in Sources */,
				187FBE7F2BDA65B8004D08CE /* AccessibilityIdentifire.swift in Sources */,
			);
			runOnlyForDeploymentPostprocessing = 0;
		};
/* End PBXSourcesBuildPhase section */

/* Begin PBXTargetDependency section */
		1803DB652BD21E6A0066CE99 /* PBXTargetDependency */ = {
			isa = PBXTargetDependency;
			target = 1803DB4C2BD21E680066CE99 /* Conis */;
			targetProxy = 1803DB642BD21E6A0066CE99 /* PBXContainerItemProxy */;
		};
		1803DB6F2BD21E6A0066CE99 /* PBXTargetDependency */ = {
			isa = PBXTargetDependency;
			target = 1803DB4C2BD21E680066CE99 /* Conis */;
			targetProxy = 1803DB6E2BD21E6A0066CE99 /* PBXContainerItemProxy */;
		};
/* End PBXTargetDependency section */

/* Begin PBXVariantGroup section */
		1803DB562BD21E680066CE99 /* Main.storyboard */ = {
			isa = PBXVariantGroup;
			children = (
				1803DB572BD21E680066CE99 /* Base */,
			);
			name = Main.storyboard;
			sourceTree = "<group>";
		};
		1803DB5B2BD21E6A0066CE99 /* LaunchScreen.storyboard */ = {
			isa = PBXVariantGroup;
			children = (
				1803DB5C2BD21E6A0066CE99 /* Base */,
			);
			name = LaunchScreen.storyboard;
			sourceTree = "<group>";
		};
/* End PBXVariantGroup section */

/* Begin XCBuildConfiguration section */
		1803DB752BD21E6A0066CE99 /* Debug */ = {
			isa = XCBuildConfiguration;
			buildSettings = {
				ALWAYS_SEARCH_USER_PATHS = NO;
				ASSETCATALOG_COMPILER_GENERATE_SWIFT_ASSET_SYMBOL_EXTENSIONS = YES;
				CLANG_ANALYZER_NONNULL = YES;
				CLANG_ANALYZER_NUMBER_OBJECT_CONVERSION = YES_AGGRESSIVE;
				CLANG_CXX_LANGUAGE_STANDARD = "gnu++20";
				CLANG_ENABLE_MODULES = YES;
				CLANG_ENABLE_OBJC_ARC = YES;
				CLANG_ENABLE_OBJC_WEAK = YES;
				CLANG_WARN_BLOCK_CAPTURE_AUTORELEASING = YES;
				CLANG_WARN_BOOL_CONVERSION = YES;
				CLANG_WARN_COMMA = YES;
				CLANG_WARN_CONSTANT_CONVERSION = YES;
				CLANG_WARN_DEPRECATED_OBJC_IMPLEMENTATIONS = YES;
				CLANG_WARN_DIRECT_OBJC_ISA_USAGE = YES_ERROR;
				CLANG_WARN_DOCUMENTATION_COMMENTS = YES;
				CLANG_WARN_EMPTY_BODY = YES;
				CLANG_WARN_ENUM_CONVERSION = YES;
				CLANG_WARN_INFINITE_RECURSION = YES;
				CLANG_WARN_INT_CONVERSION = YES;
				CLANG_WARN_NON_LITERAL_NULL_CONVERSION = YES;
				CLANG_WARN_OBJC_IMPLICIT_RETAIN_SELF = YES;
				CLANG_WARN_OBJC_LITERAL_CONVERSION = YES;
				CLANG_WARN_OBJC_ROOT_CLASS = YES_ERROR;
				CLANG_WARN_QUOTED_INCLUDE_IN_FRAMEWORK_HEADER = YES;
				CLANG_WARN_RANGE_LOOP_ANALYSIS = YES;
				CLANG_WARN_STRICT_PROTOTYPES = YES;
				CLANG_WARN_SUSPICIOUS_MOVE = YES;
				CLANG_WARN_UNGUARDED_AVAILABILITY = YES_AGGRESSIVE;
				CLANG_WARN_UNREACHABLE_CODE = YES;
				CLANG_WARN__DUPLICATE_METHOD_MATCH = YES;
				COPY_PHASE_STRIP = NO;
				DEBUG_INFORMATION_FORMAT = dwarf;
				ENABLE_STRICT_OBJC_MSGSEND = YES;
				ENABLE_TESTABILITY = YES;
				ENABLE_USER_SCRIPT_SANDBOXING = YES;
				GCC_C_LANGUAGE_STANDARD = gnu17;
				GCC_DYNAMIC_NO_PIC = NO;
				GCC_NO_COMMON_BLOCKS = YES;
				GCC_OPTIMIZATION_LEVEL = 0;
				GCC_PREPROCESSOR_DEFINITIONS = (
					"DEBUG=1",
					"$(inherited)",
				);
				GCC_WARN_64_TO_32_BIT_CONVERSION = YES;
				GCC_WARN_ABOUT_RETURN_TYPE = YES_ERROR;
				GCC_WARN_UNDECLARED_SELECTOR = YES;
				GCC_WARN_UNINITIALIZED_AUTOS = YES_AGGRESSIVE;
				GCC_WARN_UNUSED_FUNCTION = YES;
				GCC_WARN_UNUSED_VARIABLE = YES;
				IPHONEOS_DEPLOYMENT_TARGET = 17.4;
				LOCALIZATION_PREFERS_STRING_CATALOGS = YES;
				MTL_ENABLE_DEBUG_INFO = INCLUDE_SOURCE;
				MTL_FAST_MATH = YES;
				ONLY_ACTIVE_ARCH = YES;
				SDKROOT = iphoneos;
				SWIFT_ACTIVE_COMPILATION_CONDITIONS = "DEBUG $(inherited)";
				SWIFT_OPTIMIZATION_LEVEL = "-Onone";
			};
			name = Debug;
		};
		1803DB762BD21E6A0066CE99 /* Release */ = {
			isa = XCBuildConfiguration;
			buildSettings = {
				ALWAYS_SEARCH_USER_PATHS = NO;
				ASSETCATALOG_COMPILER_GENERATE_SWIFT_ASSET_SYMBOL_EXTENSIONS = YES;
				CLANG_ANALYZER_NONNULL = YES;
				CLANG_ANALYZER_NUMBER_OBJECT_CONVERSION = YES_AGGRESSIVE;
				CLANG_CXX_LANGUAGE_STANDARD = "gnu++20";
				CLANG_ENABLE_MODULES = YES;
				CLANG_ENABLE_OBJC_ARC = YES;
				CLANG_ENABLE_OBJC_WEAK = YES;
				CLANG_WARN_BLOCK_CAPTURE_AUTORELEASING = YES;
				CLANG_WARN_BOOL_CONVERSION = YES;
				CLANG_WARN_COMMA = YES;
				CLANG_WARN_CONSTANT_CONVERSION = YES;
				CLANG_WARN_DEPRECATED_OBJC_IMPLEMENTATIONS = YES;
				CLANG_WARN_DIRECT_OBJC_ISA_USAGE = YES_ERROR;
				CLANG_WARN_DOCUMENTATION_COMMENTS = YES;
				CLANG_WARN_EMPTY_BODY = YES;
				CLANG_WARN_ENUM_CONVERSION = YES;
				CLANG_WARN_INFINITE_RECURSION = YES;
				CLANG_WARN_INT_CONVERSION = YES;
				CLANG_WARN_NON_LITERAL_NULL_CONVERSION = YES;
				CLANG_WARN_OBJC_IMPLICIT_RETAIN_SELF = YES;
				CLANG_WARN_OBJC_LITERAL_CONVERSION = YES;
				CLANG_WARN_OBJC_ROOT_CLASS = YES_ERROR;
				CLANG_WARN_QUOTED_INCLUDE_IN_FRAMEWORK_HEADER = YES;
				CLANG_WARN_RANGE_LOOP_ANALYSIS = YES;
				CLANG_WARN_STRICT_PROTOTYPES = YES;
				CLANG_WARN_SUSPICIOUS_MOVE = YES;
				CLANG_WARN_UNGUARDED_AVAILABILITY = YES_AGGRESSIVE;
				CLANG_WARN_UNREACHABLE_CODE = YES;
				CLANG_WARN__DUPLICATE_METHOD_MATCH = YES;
				COPY_PHASE_STRIP = NO;
				DEBUG_INFORMATION_FORMAT = "dwarf-with-dsym";
				ENABLE_NS_ASSERTIONS = NO;
				ENABLE_STRICT_OBJC_MSGSEND = YES;
				ENABLE_USER_SCRIPT_SANDBOXING = YES;
				GCC_C_LANGUAGE_STANDARD = gnu17;
				GCC_NO_COMMON_BLOCKS = YES;
				GCC_WARN_64_TO_32_BIT_CONVERSION = YES;
				GCC_WARN_ABOUT_RETURN_TYPE = YES_ERROR;
				GCC_WARN_UNDECLARED_SELECTOR = YES;
				GCC_WARN_UNINITIALIZED_AUTOS = YES_AGGRESSIVE;
				GCC_WARN_UNUSED_FUNCTION = YES;
				GCC_WARN_UNUSED_VARIABLE = YES;
				IPHONEOS_DEPLOYMENT_TARGET = 17.4;
				LOCALIZATION_PREFERS_STRING_CATALOGS = YES;
				MTL_ENABLE_DEBUG_INFO = NO;
				MTL_FAST_MATH = YES;
				SDKROOT = iphoneos;
				SWIFT_COMPILATION_MODE = wholemodule;
				VALIDATE_PRODUCT = YES;
			};
			name = Release;
		};
		1803DB782BD21E6A0066CE99 /* Debug */ = {
			isa = XCBuildConfiguration;
			buildSettings = {
				ASSETCATALOG_COMPILER_APPICON_NAME = AppIcon;
				ASSETCATALOG_COMPILER_GLOBAL_ACCENT_COLOR_NAME = AccentColor;
				CODE_SIGN_STYLE = Automatic;
				CURRENT_PROJECT_VERSION = 1;
				DEVELOPMENT_TEAM = A3J3S7YN7T;
				GENERATE_INFOPLIST_FILE = YES;
				INFOPLIST_FILE = Conis/Info.plist;
				INFOPLIST_KEY_UIApplicationSupportsIndirectInputEvents = YES;
				INFOPLIST_KEY_UILaunchStoryboardName = LaunchScreen;
				INFOPLIST_KEY_UIMainStoryboardFile = Main;
				INFOPLIST_KEY_UISupportedInterfaceOrientations = UIInterfaceOrientationPortrait;
				IPHONEOS_DEPLOYMENT_TARGET = 14.0;
				LD_RUNPATH_SEARCH_PATHS = (
					"$(inherited)",
					"@executable_path/Frameworks",
				);
				MARKETING_VERSION = 1.0;
				PRODUCT_BUNDLE_IDENTIFIER = com.Conis;
				PRODUCT_NAME = "$(TARGET_NAME)";
				SWIFT_EMIT_LOC_STRINGS = YES;
				SWIFT_VERSION = 5.0;
				TARGETED_DEVICE_FAMILY = "1,2";
			};
			name = Debug;
		};
		1803DB792BD21E6A0066CE99 /* Release */ = {
			isa = XCBuildConfiguration;
			buildSettings = {
				ASSETCATALOG_COMPILER_APPICON_NAME = AppIcon;
				ASSETCATALOG_COMPILER_GLOBAL_ACCENT_COLOR_NAME = AccentColor;
				CODE_SIGN_STYLE = Automatic;
				CURRENT_PROJECT_VERSION = 1;
				DEVELOPMENT_TEAM = A3J3S7YN7T;
				GENERATE_INFOPLIST_FILE = YES;
				INFOPLIST_FILE = Conis/Info.plist;
				INFOPLIST_KEY_UIApplicationSupportsIndirectInputEvents = YES;
				INFOPLIST_KEY_UILaunchStoryboardName = LaunchScreen;
				INFOPLIST_KEY_UIMainStoryboardFile = Main;
				INFOPLIST_KEY_UISupportedInterfaceOrientations = UIInterfaceOrientationPortrait;
				IPHONEOS_DEPLOYMENT_TARGET = 14.0;
				LD_RUNPATH_SEARCH_PATHS = (
					"$(inherited)",
					"@executable_path/Frameworks",
				);
				MARKETING_VERSION = 1.0;
				PRODUCT_BUNDLE_IDENTIFIER = com.Conis;
				PRODUCT_NAME = "$(TARGET_NAME)";
				SWIFT_EMIT_LOC_STRINGS = YES;
				SWIFT_VERSION = 5.0;
				TARGETED_DEVICE_FAMILY = "1,2";
			};
			name = Release;
		};
		1803DB7B2BD21E6A0066CE99 /* Debug */ = {
			isa = XCBuildConfiguration;
			buildSettings = {
				ALWAYS_EMBED_SWIFT_STANDARD_LIBRARIES = YES;
				BUNDLE_LOADER = "$(TEST_HOST)";
				CODE_SIGN_STYLE = Automatic;
				CURRENT_PROJECT_VERSION = 1;
				DEVELOPMENT_TEAM = A3J3S7YN7T;
				GENERATE_INFOPLIST_FILE = YES;
				IPHONEOS_DEPLOYMENT_TARGET = 14.0;
				MARKETING_VERSION = 1.0;
				PRODUCT_BUNDLE_IDENTIFIER = com.ConisTests;
				PRODUCT_NAME = "$(TARGET_NAME)";
				SWIFT_EMIT_LOC_STRINGS = NO;
				SWIFT_VERSION = 5.0;
				TARGETED_DEVICE_FAMILY = "1,2";
				TEST_HOST = "$(BUILT_PRODUCTS_DIR)/Conis.app/$(BUNDLE_EXECUTABLE_FOLDER_PATH)/Conis";
			};
			name = Debug;
		};
		1803DB7C2BD21E6A0066CE99 /* Release */ = {
			isa = XCBuildConfiguration;
			buildSettings = {
				ALWAYS_EMBED_SWIFT_STANDARD_LIBRARIES = YES;
				BUNDLE_LOADER = "$(TEST_HOST)";
				CODE_SIGN_STYLE = Automatic;
				CURRENT_PROJECT_VERSION = 1;
				DEVELOPMENT_TEAM = A3J3S7YN7T;
				GENERATE_INFOPLIST_FILE = YES;
				IPHONEOS_DEPLOYMENT_TARGET = 14.0;
				MARKETING_VERSION = 1.0;
				PRODUCT_BUNDLE_IDENTIFIER = com.ConisTests;
				PRODUCT_NAME = "$(TARGET_NAME)";
				SWIFT_EMIT_LOC_STRINGS = NO;
				SWIFT_VERSION = 5.0;
				TARGETED_DEVICE_FAMILY = "1,2";
				TEST_HOST = "$(BUILT_PRODUCTS_DIR)/Conis.app/$(BUNDLE_EXECUTABLE_FOLDER_PATH)/Conis";
			};
			name = Release;
		};
		1803DB7E2BD21E6A0066CE99 /* Debug */ = {
			isa = XCBuildConfiguration;
			buildSettings = {
				ALWAYS_EMBED_SWIFT_STANDARD_LIBRARIES = YES;
				CODE_SIGN_STYLE = Automatic;
				CURRENT_PROJECT_VERSION = 1;
				DEVELOPMENT_TEAM = A3J3S7YN7T;
				GENERATE_INFOPLIST_FILE = YES;
				IPHONEOS_DEPLOYMENT_TARGET = 14.0;
				MARKETING_VERSION = 1.0;
				PRODUCT_BUNDLE_IDENTIFIER = com.ConisUITests;
				PRODUCT_NAME = "$(TARGET_NAME)";
				SWIFT_EMIT_LOC_STRINGS = NO;
				SWIFT_VERSION = 5.0;
				TARGETED_DEVICE_FAMILY = "1,2";
				TEST_TARGET_NAME = Conis;
			};
			name = Debug;
		};
		1803DB7F2BD21E6A0066CE99 /* Release */ = {
			isa = XCBuildConfiguration;
			buildSettings = {
				ALWAYS_EMBED_SWIFT_STANDARD_LIBRARIES = YES;
				CODE_SIGN_STYLE = Automatic;
				CURRENT_PROJECT_VERSION = 1;
				DEVELOPMENT_TEAM = A3J3S7YN7T;
				GENERATE_INFOPLIST_FILE = YES;
				IPHONEOS_DEPLOYMENT_TARGET = 14.0;
				MARKETING_VERSION = 1.0;
				PRODUCT_BUNDLE_IDENTIFIER = com.ConisUITests;
				PRODUCT_NAME = "$(TARGET_NAME)";
				SWIFT_EMIT_LOC_STRINGS = NO;
				SWIFT_VERSION = 5.0;
				TARGETED_DEVICE_FAMILY = "1,2";
				TEST_TARGET_NAME = Conis;
			};
			name = Release;
		};
/* End XCBuildConfiguration section */

/* Begin XCConfigurationList section */
		1803DB482BD21E680066CE99 /* Build configuration list for PBXProject "Conis" */ = {
			isa = XCConfigurationList;
			buildConfigurations = (
				1803DB752BD21E6A0066CE99 /* Debug */,
				1803DB762BD21E6A0066CE99 /* Release */,
			);
			defaultConfigurationIsVisible = 0;
			defaultConfigurationName = Release;
		};
		1803DB772BD21E6A0066CE99 /* Build configuration list for PBXNativeTarget "Conis" */ = {
			isa = XCConfigurationList;
			buildConfigurations = (
				1803DB782BD21E6A0066CE99 /* Debug */,
				1803DB792BD21E6A0066CE99 /* Release */,
			);
			defaultConfigurationIsVisible = 0;
			defaultConfigurationName = Release;
		};
		1803DB7A2BD21E6A0066CE99 /* Build configuration list for PBXNativeTarget "ConisTests" */ = {
			isa = XCConfigurationList;
			buildConfigurations = (
				1803DB7B2BD21E6A0066CE99 /* Debug */,
				1803DB7C2BD21E6A0066CE99 /* Release */,
			);
			defaultConfigurationIsVisible = 0;
			defaultConfigurationName = Release;
		};
		1803DB7D2BD21E6A0066CE99 /* Build configuration list for PBXNativeTarget "ConisUITests" */ = {
			isa = XCConfigurationList;
			buildConfigurations = (
				1803DB7E2BD21E6A0066CE99 /* Debug */,
				1803DB7F2BD21E6A0066CE99 /* Release */,
			);
			defaultConfigurationIsVisible = 0;
			defaultConfigurationName = Release;
		};
/* End XCConfigurationList section */

/* Begin XCRemoteSwiftPackageReference section */
		188C9FBA2BD395CB00074DC2 /* XCRemoteSwiftPackageReference "Kingfisher" */ = {
			isa = XCRemoteSwiftPackageReference;
			repositoryURL = "https://github.com/onevcat/Kingfisher.git";
			requirement = {
				kind = upToNextMajorVersion;
				minimumVersion = 7.0.0;
			};
		};
/* End XCRemoteSwiftPackageReference section */

/* Begin XCSwiftPackageProductDependency section */
		188C9FBB2BD395CB00074DC2 /* Kingfisher */ = {
			isa = XCSwiftPackageProductDependency;
			package = 188C9FBA2BD395CB00074DC2 /* XCRemoteSwiftPackageReference "Kingfisher" */;
			productName = Kingfisher;
		};
/* End XCSwiftPackageProductDependency section */
	};
	rootObject = 1803DB452BD21E680066CE99 /* Project object */;
}
